
Microsoft Visual Studio Solution File, Format Version 12.00
# Visual Studio 14
VisualStudioVersion = 14.0.25420.1
MinimumVisualStudioVersion = 10.0.40219.1
Project("{FAE04EC0-301F-11D3-BF4B-00C04F79EFBC}") = "Magenic.BadgeApplication.Mvc", "Magenic.BadgeApplication.Mvc\Magenic.BadgeApplication.Mvc.csproj", "{5C2D04F9-153E-43BE-990B-6D6FCF5831FE}"
EndProject
Project("{2150E333-8FDC-42A3-9474-1A3956D46DE8}") = "Solution Items", "Solution Items", "{A6B06300-2261-4136-A86F-2BE3DD434CD0}"
	ProjectSection(SolutionItems) = preProject
		CodeDictionary.xml = CodeDictionary.xml
		Magenic.BadgeApplication.ruleset = Magenic.BadgeApplication.ruleset
		..\README.md = ..\README.md
	EndProjectSection
EndProject
Project("{FAE04EC0-301F-11D3-BF4B-00C04F79EFBC}") = "Magenic.BadgeApplication.Common", "Magenic.BadgeApplication.Common\Magenic.BadgeApplication.Common.csproj", "{D7B48F98-7BD5-4E80-8740-6C348A7F9A1E}"
EndProject
Project("{2150E333-8FDC-42A3-9474-1A3956D46DE8}") = "Tests", "Tests", "{D8B418F6-48F8-4B1B-9819-C0C68D1F6A49}"
EndProject
Project("{FAE04EC0-301F-11D3-BF4B-00C04F79EFBC}") = "Magenic.BadgeApplication.Common.Tests", "Magenic.BadgeApplication.Common.Tests\Magenic.BadgeApplication.Common.Tests.csproj", "{A98CD380-FFB9-45E4-921A-C6CC3BD32905}"
EndProject
Project("{FAE04EC0-301F-11D3-BF4B-00C04F79EFBC}") = "Magenic.BadgeApplication.BusinessLogic", "Magenic.BadgeApplication.BusinessLogic\Magenic.BadgeApplication.BusinessLogic.csproj", "{0274F325-95A1-43C8-B1D7-F81ADFC0A535}"
EndProject
Project("{00D1A9C2-B5F0-4AF3-8072-F6C62B433612}") = "Magenic.BadgeApplication.DB", "Magenic.BadgeApplication.DB\Magenic.BadgeApplication.DB.sqlproj", "{479C8E2D-A649-4AC4-8B2D-AFA0D887871D}"
EndProject
Project("{FAE04EC0-301F-11D3-BF4B-00C04F79EFBC}") = "Magenic.BadgeApplication.BusinessLogic.Tests", "Magenic.BadgeApplication.BusinessLogic.Tests\Magenic.BadgeApplication.BusinessLogic.Tests.csproj", "{15F6B4C8-7712-4E81-85EA-B4293E4C7C1E}"
EndProject
Project("{2150E333-8FDC-42A3-9474-1A3956D46DE8}") = ".nuget", ".nuget", "{51877FB4-9A36-44D9-B030-5CE35BDBB83D}"
	ProjectSection(SolutionItems) = preProject
		.nuget\NuGet.Config = .nuget\NuGet.Config
		.nuget\NuGet.exe = .nuget\NuGet.exe
		.nuget\NuGet.targets = .nuget\NuGet.targets
	EndProjectSection
EndProject
Project("{FAE04EC0-301F-11D3-BF4B-00C04F79EFBC}") = "Magenic.BadgeApplication.DataAccess.EF", "Magenic.BadgeApplication.DataAccess.EF\Magenic.BadgeApplication.DataAccess.EF.csproj", "{80DF9C9B-F946-42B1-87E7-57EF40709382}"
EndProject
Project("{FAE04EC0-301F-11D3-BF4B-00C04F79EFBC}") = "Magenic.BadgeApplication.BusinessLogic.Tests.Integration", "Magenic.BadgeApplication.BusinessLogic.Tests.Integration\Magenic.BadgeApplication.BusinessLogic.Tests.Integration.csproj", "{03EBFAD6-39AE-4264-8B2B-A101402366A7}"
EndProject
Project("{FAE04EC0-301F-11D3-BF4B-00C04F79EFBC}") = "Magenic.BadgeApplication.Console", "Magenic.BadgeApplication.Console\Magenic.BadgeApplication.Console.csproj", "{4C8E2136-2AB8-402B-8FC8-9E806D61454F}"
EndProject
Project("{FAE04EC0-301F-11D3-BF4B-00C04F79EFBC}") = "Magenic.BadgeApplication.Processor", "Magenic.BadgeApplication.Processor\Magenic.BadgeApplication.Processor.csproj", "{0D8C2715-A9B5-4E95-885B-3928063BC61E}"
EndProject
Project("{FAE04EC0-301F-11D3-BF4B-00C04F79EFBC}") = "Magenic.BadgeApplication.Yammer", "Magenic.BadgeApplication.Yammer\Magenic.BadgeApplication.Yammer.csproj", "{7A376D75-249B-4A1D-BD7F-B80F720036C1}"
EndProject
Project("{00D1A9C2-B5F0-4AF3-8072-F6C62B433612}") = "Magenic.BadgeApplication.WebApi.DB", "Magenic.BadgeApplication.WebApi.DB\Magenic.BadgeApplication.WebApi.DB.sqlproj", "{431163BC-42A5-41C6-84B4-9E8338585A24}"
EndProject
Project("{FAE04EC0-301F-11D3-BF4B-00C04F79EFBC}") = "Magenic.BadgeApplication.WebApi", "Magenic.BadgeApplication.WebApi\Magenic.BadgeApplication.WebApi.csproj", "{5D1B4960-C747-4BE9-86E2-D85858958CB7}"
EndProject
Project("{FAE04EC0-301F-11D3-BF4B-00C04F79EFBC}") = "Magenic.BadgeApplication.Authorization", "Magenic.BadgeApplication.Authorization\Magenic.BadgeApplication.Authorization.csproj", "{39DB7F76-2C30-4CD1-8FAC-239AABA17EA9}"
EndProject
Project("{FAE04EC0-301F-11D3-BF4B-00C04F79EFBC}") = "Magenic.BadgeApplication.ADSync.Console", "Magenic.BadgeApplication.ADSync.Console\Magenic.BadgeApplication.ADSync.Console.csproj", "{1AA1246C-D3EF-433C-B293-8D4A20DE4D6B}"
EndProject
Project("{FAE04EC0-301F-11D3-BF4B-00C04F79EFBC}") = "Magenic.BadgeApplication.Authorization.Mock", "Magenic.BadgeApplication.Authorization.Mock\Magenic.BadgeApplication.Authorization.Mock.csproj", "{D377B660-115A-4C50-84B0-672BE243547D}"
EndProject
Project("{FAE04EC0-301F-11D3-BF4B-00C04F79EFBC}") = "Magenic.BadgeApplicaiton.FileLoader.Console", "Magenic.BadgeApplicaiton.FileLoader.Console\Magenic.BadgeApplicaiton.FileLoader.Console.csproj", "{635AABEE-A825-4CAE-9E3C-8082B675CCF6}"
EndProject
Project("{FAE04EC0-301F-11D3-BF4B-00C04F79EFBC}") = "Magenic.BadgeApplication.Activity.Console", "Magenic.BadgeApplication.Activity.Console\Magenic.BadgeApplication.Activity.Console.csproj", "{54C1E80C-96C4-4071-BA53-555AF5E77995}"
EndProject
Project("{2150E333-8FDC-42A3-9474-1A3956D46DE8}") = "Libraries", "Libraries", "{43B31581-1A4B-4876-96CC-70699E15F3FA}"
	ProjectSection(SolutionItems) = preProject
		Libraries\DocumentFormat.OpenXml.dll = Libraries\DocumentFormat.OpenXml.dll
	EndProjectSection
EndProject
Project("{FAE04EC0-301F-11D3-BF4B-00C04F79EFBC}") = "Magenic.BadgeApplication.Yammer.Tests", "Magenic.BadgeApplication.Yammer.Tests\Magenic.BadgeApplication.Yammer.Tests.csproj", "{65ADD3A8-4CC8-4A40-8923-1DF50150DC04}"
EndProject
Project("{FAE04EC0-301F-11D3-BF4B-00C04F79EFBC}") = "Magenic.BadgeApplication.DataAccess.EF.Test", "Magenic.BadgeApplication.DataAccess.EF.Test\Magenic.BadgeApplication.DataAccess.EF.Test.csproj", "{2158372F-78D2-46B1-A5AE-0D39D15BE2D8}"
EndProject
Project("{FAE04EC0-301F-11D3-BF4B-00C04F79EFBC}") = "Magenic.BadgeApplication.Processor.Tests", "Magenic.BadgeApplication.Processor.Tests\Magenic.BadgeApplication.Processor.Tests.csproj", "{A4A3BACF-4E1C-42AC-98B2-86A0B38CF7D3}"
EndProject
Global
	GlobalSection(SolutionConfigurationPlatforms) = preSolution
		Debug|Any CPU = Debug|Any CPU
		QA|Any CPU = QA|Any CPU
		Release|Any CPU = Release|Any CPU
	EndGlobalSection
	GlobalSection(ProjectConfigurationPlatforms) = postSolution
		{5C2D04F9-153E-43BE-990B-6D6FCF5831FE}.Debug|Any CPU.ActiveCfg = Debug|Any CPU
		{5C2D04F9-153E-43BE-990B-6D6FCF5831FE}.Debug|Any CPU.Build.0 = Debug|Any CPU
		{5C2D04F9-153E-43BE-990B-6D6FCF5831FE}.QA|Any CPU.ActiveCfg = QA|Any CPU
		{5C2D04F9-153E-43BE-990B-6D6FCF5831FE}.QA|Any CPU.Build.0 = QA|Any CPU
		{5C2D04F9-153E-43BE-990B-6D6FCF5831FE}.Release|Any CPU.ActiveCfg = Release|Any CPU
		{5C2D04F9-153E-43BE-990B-6D6FCF5831FE}.Release|Any CPU.Build.0 = Release|Any CPU
		{D7B48F98-7BD5-4E80-8740-6C348A7F9A1E}.Debug|Any CPU.ActiveCfg = Debug|Any CPU
		{D7B48F98-7BD5-4E80-8740-6C348A7F9A1E}.Debug|Any CPU.Build.0 = Debug|Any CPU
		{D7B48F98-7BD5-4E80-8740-6C348A7F9A1E}.QA|Any CPU.ActiveCfg = QA|Any CPU
		{D7B48F98-7BD5-4E80-8740-6C348A7F9A1E}.QA|Any CPU.Build.0 = QA|Any CPU
		{D7B48F98-7BD5-4E80-8740-6C348A7F9A1E}.Release|Any CPU.ActiveCfg = Release|Any CPU
		{D7B48F98-7BD5-4E80-8740-6C348A7F9A1E}.Release|Any CPU.Build.0 = Release|Any CPU
		{A98CD380-FFB9-45E4-921A-C6CC3BD32905}.Debug|Any CPU.ActiveCfg = Debug|Any CPU
		{A98CD380-FFB9-45E4-921A-C6CC3BD32905}.Debug|Any CPU.Build.0 = Debug|Any CPU
		{A98CD380-FFB9-45E4-921A-C6CC3BD32905}.QA|Any CPU.ActiveCfg = QA|Any CPU
		{A98CD380-FFB9-45E4-921A-C6CC3BD32905}.QA|Any CPU.Build.0 = QA|Any CPU
		{A98CD380-FFB9-45E4-921A-C6CC3BD32905}.Release|Any CPU.ActiveCfg = Release|Any CPU
		{A98CD380-FFB9-45E4-921A-C6CC3BD32905}.Release|Any CPU.Build.0 = Release|Any CPU
		{0274F325-95A1-43C8-B1D7-F81ADFC0A535}.Debug|Any CPU.ActiveCfg = Debug|Any CPU
		{0274F325-95A1-43C8-B1D7-F81ADFC0A535}.Debug|Any CPU.Build.0 = Debug|Any CPU
		{0274F325-95A1-43C8-B1D7-F81ADFC0A535}.QA|Any CPU.ActiveCfg = QA|Any CPU
		{0274F325-95A1-43C8-B1D7-F81ADFC0A535}.QA|Any CPU.Build.0 = QA|Any CPU
		{0274F325-95A1-43C8-B1D7-F81ADFC0A535}.Release|Any CPU.ActiveCfg = Release|Any CPU
		{0274F325-95A1-43C8-B1D7-F81ADFC0A535}.Release|Any CPU.Build.0 = Release|Any CPU
		{479C8E2D-A649-4AC4-8B2D-AFA0D887871D}.Debug|Any CPU.ActiveCfg = Debug|Any CPU
		{479C8E2D-A649-4AC4-8B2D-AFA0D887871D}.Debug|Any CPU.Build.0 = Debug|Any CPU
		{479C8E2D-A649-4AC4-8B2D-AFA0D887871D}.Debug|Any CPU.Deploy.0 = Debug|Any CPU
		{479C8E2D-A649-4AC4-8B2D-AFA0D887871D}.QA|Any CPU.ActiveCfg = QA|Any CPU
		{479C8E2D-A649-4AC4-8B2D-AFA0D887871D}.QA|Any CPU.Build.0 = QA|Any CPU
		{479C8E2D-A649-4AC4-8B2D-AFA0D887871D}.QA|Any CPU.Deploy.0 = QA|Any CPU
		{479C8E2D-A649-4AC4-8B2D-AFA0D887871D}.Release|Any CPU.ActiveCfg = Release|Any CPU
		{479C8E2D-A649-4AC4-8B2D-AFA0D887871D}.Release|Any CPU.Build.0 = Release|Any CPU
		{479C8E2D-A649-4AC4-8B2D-AFA0D887871D}.Release|Any CPU.Deploy.0 = Release|Any CPU
		{15F6B4C8-7712-4E81-85EA-B4293E4C7C1E}.Debug|Any CPU.ActiveCfg = Debug|Any CPU
		{15F6B4C8-7712-4E81-85EA-B4293E4C7C1E}.Debug|Any CPU.Build.0 = Debug|Any CPU
		{15F6B4C8-7712-4E81-85EA-B4293E4C7C1E}.QA|Any CPU.ActiveCfg = QA|Any CPU
		{15F6B4C8-7712-4E81-85EA-B4293E4C7C1E}.QA|Any CPU.Build.0 = QA|Any CPU
		{15F6B4C8-7712-4E81-85EA-B4293E4C7C1E}.Release|Any CPU.ActiveCfg = Release|Any CPU
		{15F6B4C8-7712-4E81-85EA-B4293E4C7C1E}.Release|Any CPU.Build.0 = Release|Any CPU
		{80DF9C9B-F946-42B1-87E7-57EF40709382}.Debug|Any CPU.ActiveCfg = Debug|Any CPU
		{80DF9C9B-F946-42B1-87E7-57EF40709382}.Debug|Any CPU.Build.0 = Debug|Any CPU
		{80DF9C9B-F946-42B1-87E7-57EF40709382}.QA|Any CPU.ActiveCfg = QA|Any CPU
		{80DF9C9B-F946-42B1-87E7-57EF40709382}.QA|Any CPU.Build.0 = QA|Any CPU
		{80DF9C9B-F946-42B1-87E7-57EF40709382}.Release|Any CPU.ActiveCfg = Release|Any CPU
		{80DF9C9B-F946-42B1-87E7-57EF40709382}.Release|Any CPU.Build.0 = Release|Any CPU
		{03EBFAD6-39AE-4264-8B2B-A101402366A7}.Debug|Any CPU.ActiveCfg = Debug|Any CPU
		{03EBFAD6-39AE-4264-8B2B-A101402366A7}.Debug|Any CPU.Build.0 = Debug|Any CPU
		{03EBFAD6-39AE-4264-8B2B-A101402366A7}.QA|Any CPU.ActiveCfg = QA|Any CPU
		{03EBFAD6-39AE-4264-8B2B-A101402366A7}.QA|Any CPU.Build.0 = QA|Any CPU
		{03EBFAD6-39AE-4264-8B2B-A101402366A7}.Release|Any CPU.ActiveCfg = Release|Any CPU
		{03EBFAD6-39AE-4264-8B2B-A101402366A7}.Release|Any CPU.Build.0 = Release|Any CPU
		{4C8E2136-2AB8-402B-8FC8-9E806D61454F}.Debug|Any CPU.ActiveCfg = Debug|Any CPU
		{4C8E2136-2AB8-402B-8FC8-9E806D61454F}.Debug|Any CPU.Build.0 = Debug|Any CPU
		{4C8E2136-2AB8-402B-8FC8-9E806D61454F}.QA|Any CPU.ActiveCfg = QA|Any CPU
		{4C8E2136-2AB8-402B-8FC8-9E806D61454F}.QA|Any CPU.Build.0 = QA|Any CPU
		{4C8E2136-2AB8-402B-8FC8-9E806D61454F}.Release|Any CPU.ActiveCfg = Release|Any CPU
		{4C8E2136-2AB8-402B-8FC8-9E806D61454F}.Release|Any CPU.Build.0 = Release|Any CPU
		{0D8C2715-A9B5-4E95-885B-3928063BC61E}.Debug|Any CPU.ActiveCfg = Debug|Any CPU
		{0D8C2715-A9B5-4E95-885B-3928063BC61E}.Debug|Any CPU.Build.0 = Debug|Any CPU
		{0D8C2715-A9B5-4E95-885B-3928063BC61E}.QA|Any CPU.ActiveCfg = QA|Any CPU
		{0D8C2715-A9B5-4E95-885B-3928063BC61E}.QA|Any CPU.Build.0 = QA|Any CPU
		{0D8C2715-A9B5-4E95-885B-3928063BC61E}.Release|Any CPU.ActiveCfg = Release|Any CPU
		{0D8C2715-A9B5-4E95-885B-3928063BC61E}.Release|Any CPU.Build.0 = Release|Any CPU
		{7A376D75-249B-4A1D-BD7F-B80F720036C1}.Debug|Any CPU.ActiveCfg = Debug|Any CPU
		{7A376D75-249B-4A1D-BD7F-B80F720036C1}.Debug|Any CPU.Build.0 = Debug|Any CPU
		{7A376D75-249B-4A1D-BD7F-B80F720036C1}.QA|Any CPU.ActiveCfg = QA|Any CPU
		{7A376D75-249B-4A1D-BD7F-B80F720036C1}.QA|Any CPU.Build.0 = QA|Any CPU
		{7A376D75-249B-4A1D-BD7F-B80F720036C1}.Release|Any CPU.ActiveCfg = Release|Any CPU
		{7A376D75-249B-4A1D-BD7F-B80F720036C1}.Release|Any CPU.Build.0 = Release|Any CPU
		{431163BC-42A5-41C6-84B4-9E8338585A24}.Debug|Any CPU.ActiveCfg = Debug|Any CPU
		{431163BC-42A5-41C6-84B4-9E8338585A24}.Debug|Any CPU.Build.0 = Debug|Any CPU
		{431163BC-42A5-41C6-84B4-9E8338585A24}.Debug|Any CPU.Deploy.0 = Debug|Any CPU
		{431163BC-42A5-41C6-84B4-9E8338585A24}.QA|Any CPU.ActiveCfg = QA|Any CPU
		{431163BC-42A5-41C6-84B4-9E8338585A24}.QA|Any CPU.Build.0 = QA|Any CPU
		{431163BC-42A5-41C6-84B4-9E8338585A24}.QA|Any CPU.Deploy.0 = QA|Any CPU
		{431163BC-42A5-41C6-84B4-9E8338585A24}.Release|Any CPU.ActiveCfg = Release|Any CPU
		{431163BC-42A5-41C6-84B4-9E8338585A24}.Release|Any CPU.Build.0 = Release|Any CPU
		{431163BC-42A5-41C6-84B4-9E8338585A24}.Release|Any CPU.Deploy.0 = Release|Any CPU
		{5D1B4960-C747-4BE9-86E2-D85858958CB7}.Debug|Any CPU.ActiveCfg = Debug|Any CPU
		{5D1B4960-C747-4BE9-86E2-D85858958CB7}.Debug|Any CPU.Build.0 = Debug|Any CPU
		{5D1B4960-C747-4BE9-86E2-D85858958CB7}.QA|Any CPU.ActiveCfg = QA|Any CPU
		{5D1B4960-C747-4BE9-86E2-D85858958CB7}.QA|Any CPU.Build.0 = QA|Any CPU
		{5D1B4960-C747-4BE9-86E2-D85858958CB7}.Release|Any CPU.ActiveCfg = Release|Any CPU
		{5D1B4960-C747-4BE9-86E2-D85858958CB7}.Release|Any CPU.Build.0 = Release|Any CPU
		{39DB7F76-2C30-4CD1-8FAC-239AABA17EA9}.Debug|Any CPU.ActiveCfg = Debug|Any CPU
		{39DB7F76-2C30-4CD1-8FAC-239AABA17EA9}.Debug|Any CPU.Build.0 = Debug|Any CPU
		{39DB7F76-2C30-4CD1-8FAC-239AABA17EA9}.QA|Any CPU.ActiveCfg = QA|Any CPU
		{39DB7F76-2C30-4CD1-8FAC-239AABA17EA9}.QA|Any CPU.Build.0 = QA|Any CPU
		{39DB7F76-2C30-4CD1-8FAC-239AABA17EA9}.Release|Any CPU.ActiveCfg = Release|Any CPU
		{39DB7F76-2C30-4CD1-8FAC-239AABA17EA9}.Release|Any CPU.Build.0 = Release|Any CPU
		{1AA1246C-D3EF-433C-B293-8D4A20DE4D6B}.Debug|Any CPU.ActiveCfg = Debug|Any CPU
		{1AA1246C-D3EF-433C-B293-8D4A20DE4D6B}.Debug|Any CPU.Build.0 = Debug|Any CPU
		{1AA1246C-D3EF-433C-B293-8D4A20DE4D6B}.QA|Any CPU.ActiveCfg = QA|Any CPU
		{1AA1246C-D3EF-433C-B293-8D4A20DE4D6B}.QA|Any CPU.Build.0 = QA|Any CPU
		{1AA1246C-D3EF-433C-B293-8D4A20DE4D6B}.Release|Any CPU.ActiveCfg = Release|Any CPU
		{1AA1246C-D3EF-433C-B293-8D4A20DE4D6B}.Release|Any CPU.Build.0 = Release|Any CPU
		{D377B660-115A-4C50-84B0-672BE243547D}.Debug|Any CPU.ActiveCfg = Debug|Any CPU
		{D377B660-115A-4C50-84B0-672BE243547D}.Debug|Any CPU.Build.0 = Debug|Any CPU
		{D377B660-115A-4C50-84B0-672BE243547D}.QA|Any CPU.ActiveCfg = QA|Any CPU
		{D377B660-115A-4C50-84B0-672BE243547D}.QA|Any CPU.Build.0 = QA|Any CPU
		{D377B660-115A-4C50-84B0-672BE243547D}.Release|Any CPU.ActiveCfg = Release|Any CPU
		{D377B660-115A-4C50-84B0-672BE243547D}.Release|Any CPU.Build.0 = Release|Any CPU
		{635AABEE-A825-4CAE-9E3C-8082B675CCF6}.Debug|Any CPU.ActiveCfg = Debug|Any CPU
		{635AABEE-A825-4CAE-9E3C-8082B675CCF6}.Debug|Any CPU.Build.0 = Debug|Any CPU
		{635AABEE-A825-4CAE-9E3C-8082B675CCF6}.QA|Any CPU.ActiveCfg = Release|Any CPU
		{635AABEE-A825-4CAE-9E3C-8082B675CCF6}.QA|Any CPU.Build.0 = Release|Any CPU
		{635AABEE-A825-4CAE-9E3C-8082B675CCF6}.Release|Any CPU.ActiveCfg = Release|Any CPU
		{635AABEE-A825-4CAE-9E3C-8082B675CCF6}.Release|Any CPU.Build.0 = Release|Any CPU
		{54C1E80C-96C4-4071-BA53-555AF5E77995}.Debug|Any CPU.ActiveCfg = Debug|Any CPU
		{54C1E80C-96C4-4071-BA53-555AF5E77995}.Debug|Any CPU.Build.0 = Debug|Any CPU
		{54C1E80C-96C4-4071-BA53-555AF5E77995}.QA|Any CPU.ActiveCfg = Release|Any CPU
		{54C1E80C-96C4-4071-BA53-555AF5E77995}.QA|Any CPU.Build.0 = Release|Any CPU
		{54C1E80C-96C4-4071-BA53-555AF5E77995}.Release|Any CPU.ActiveCfg = Release|Any CPU
		{54C1E80C-96C4-4071-BA53-555AF5E77995}.Release|Any CPU.Build.0 = Release|Any CPU
		{65ADD3A8-4CC8-4A40-8923-1DF50150DC04}.Debug|Any CPU.ActiveCfg = Debug|Any CPU
		{65ADD3A8-4CC8-4A40-8923-1DF50150DC04}.Debug|Any CPU.Build.0 = Debug|Any CPU
		{65ADD3A8-4CC8-4A40-8923-1DF50150DC04}.QA|Any CPU.ActiveCfg = Release|Any CPU
		{65ADD3A8-4CC8-4A40-8923-1DF50150DC04}.QA|Any CPU.Build.0 = Release|Any CPU
		{65ADD3A8-4CC8-4A40-8923-1DF50150DC04}.Release|Any CPU.ActiveCfg = Release|Any CPU
		{65ADD3A8-4CC8-4A40-8923-1DF50150DC04}.Release|Any CPU.Build.0 = Release|Any CPU
		{2158372F-78D2-46B1-A5AE-0D39D15BE2D8}.Debug|Any CPU.ActiveCfg = Debug|Any CPU
		{2158372F-78D2-46B1-A5AE-0D39D15BE2D8}.Debug|Any CPU.Build.0 = Debug|Any CPU
		{2158372F-78D2-46B1-A5AE-0D39D15BE2D8}.QA|Any CPU.ActiveCfg = Release|Any CPU
		{2158372F-78D2-46B1-A5AE-0D39D15BE2D8}.QA|Any CPU.Build.0 = Release|Any CPU
		{2158372F-78D2-46B1-A5AE-0D39D15BE2D8}.Release|Any CPU.ActiveCfg = Release|Any CPU
		{2158372F-78D2-46B1-A5AE-0D39D15BE2D8}.Release|Any CPU.Build.0 = Release|Any CPU
		{A4A3BACF-4E1C-42AC-98B2-86A0B38CF7D3}.Debug|Any CPU.ActiveCfg = Debug|Any CPU
		{A4A3BACF-4E1C-42AC-98B2-86A0B38CF7D3}.Debug|Any CPU.Build.0 = Debug|Any CPU
		{A4A3BACF-4E1C-42AC-98B2-86A0B38CF7D3}.QA|Any CPU.ActiveCfg = Release|Any CPU
		{A4A3BACF-4E1C-42AC-98B2-86A0B38CF7D3}.QA|Any CPU.Build.0 = Release|Any CPU
		{A4A3BACF-4E1C-42AC-98B2-86A0B38CF7D3}.Release|Any CPU.ActiveCfg = Release|Any CPU
		{A4A3BACF-4E1C-42AC-98B2-86A0B38CF7D3}.Release|Any CPU.Build.0 = Release|Any CPU
	EndGlobalSection
	GlobalSection(SolutionProperties) = preSolution
		HideSolutionNode = FALSE
	EndGlobalSection
	GlobalSection(NestedProjects) = preSolution
		{A98CD380-FFB9-45E4-921A-C6CC3BD32905} = {D8B418F6-48F8-4B1B-9819-C0C68D1F6A49}
		{15F6B4C8-7712-4E81-85EA-B4293E4C7C1E} = {D8B418F6-48F8-4B1B-9819-C0C68D1F6A49}
		{03EBFAD6-39AE-4264-8B2B-A101402366A7} = {D8B418F6-48F8-4B1B-9819-C0C68D1F6A49}
		{43B31581-1A4B-4876-96CC-70699E15F3FA} = {A6B06300-2261-4136-A86F-2BE3DD434CD0}
		{65ADD3A8-4CC8-4A40-8923-1DF50150DC04} = {D8B418F6-48F8-4B1B-9819-C0C68D1F6A49}
		{2158372F-78D2-46B1-A5AE-0D39D15BE2D8} = {D8B418F6-48F8-4B1B-9819-C0C68D1F6A49}
		{A4A3BACF-4E1C-42AC-98B2-86A0B38CF7D3} = {D8B418F6-48F8-4B1B-9819-C0C68D1F6A49}
	EndGlobalSection
EndGlobal
